
Microsoft Visual Studio Solution File, Format Version 12.00
# Visual Studio Version 17
VisualStudioVersion = 17.12.35707.178 d17.12
MinimumVisualStudioVersion = 10.0.40219.1
Project("{FAE04EC0-301F-11D3-BF4B-00C04F79EFBC}") = "01_producer_consumer_queue", "01_producer_consumer_queue\01_producer_consumer_queue.csproj", "{993AB335-9952-4239-BB35-6B11B286D819}"
EndProject
Project("{FAE04EC0-301F-11D3-BF4B-00C04F79EFBC}") = "QueueManager", "QueueManager\QueueManager.csproj", "{4CFDA4CF-3BB0-48EC-A122-D1C333388FA6}"
EndProject
Global
	GlobalSection(SolutionConfigurationPlatforms) = preSolution
		Debug|Any CPU = Debug|Any CPU
		Release|Any CPU = Release|Any CPU
	EndGlobalSection
	GlobalSection(ProjectConfigurationPlatforms) = postSolution
		{993AB335-9952-4239-BB35-6B11B286D819}.Debug|Any CPU.ActiveCfg = Debug|Any CPU
		{993AB335-9952-4239-BB35-6B11B286D819}.Debug|Any CPU.Build.0 = Debug|Any CPU
		{993AB335-9952-4239-BB35-6B11B286D819}.Release|Any CPU.ActiveCfg = Release|Any CPU
		{993AB335-9952-4239-BB35-6B11B286D819}.Release|Any CPU.Build.0 = Release|Any CPU
		{4CFDA4CF-3BB0-48EC-A122-D1C333388FA6}.Debug|Any CPU.ActiveCfg = Debug|Any CPU
		{4CFDA4CF-3BB0-48EC-A122-D1C333388FA6}.Debug|Any CPU.Build.0 = Debug|Any CPU
		{4CFDA4CF-3BB0-48EC-A122-D1C333388FA6}.Release|Any CPU.ActiveCfg = Release|Any CPU
		{4CFDA4CF-3BB0-48EC-A122-D1C333388FA6}.Release|Any CPU.Build.0 = Release|Any CPU
	EndGlobalSection
	GlobalSection(SolutionProperties) = preSolution
		HideSolutionNode = FALSE
	EndGlobalSection
EndGlobal
